
Microsoft Visual Studio Solution File, Format Version 12.00
# Visual Studio 15
VisualStudioVersion = 15.0.28307.168
MinimumVisualStudioVersion = 10.0.40219.1
Project("{FAE04EC0-301F-11D3-BF4B-00C04F79EFBC}") = "SportsStore", "SportsStore\SportsStore.csproj", "{F84B241A-7515-43D7-9CF2-E6A50C90FDF9}"
EndProject
Global
	GlobalSection(SolutionConfigurationPlatforms) = preSolution
		Debug|Any CPU = Debug|Any CPU
		Release|Any CPU = Release|Any CPU
	EndGlobalSection
	GlobalSection(ProjectConfigurationPlatforms) = postSolution
		{F84B241A-7515-43D7-9CF2-E6A50C90FDF9}.Debug|Any CPU.ActiveCfg = Debug|Any CPU
		{F84B241A-7515-43D7-9CF2-E6A50C90FDF9}.Debug|Any CPU.Build.0 = Debug|Any CPU
		{F84B241A-7515-43D7-9CF2-E6A50C90FDF9}.Release|Any CPU.ActiveCfg = Release|Any CPU
		{F84B241A-7515-43D7-9CF2-E6A50C90FDF9}.Release|Any CPU.Build.0 = Release|Any CPU
	EndGlobalSection
	GlobalSection(SolutionProperties) = preSolution
		HideSolutionNode = FALSE
	EndGlobalSection
	GlobalSection(ExtensibilityGlobals) = postSolution
		SolutionGuid = {56C08213-5B52-4838-B05C-70B4EBAC97E2}
	EndGlobalSection
EndGlobal
