
Microsoft Visual Studio Solution File, Format Version 12.00
# Visual Studio 15
VisualStudioVersion = 15.0.28307.271
MinimumVisualStudioVersion = 10.0.40219.1
Project("{9A19103F-16F7-4668-BE54-9A1E7A4F7556}") = "SportStore", "SportStore\SportStore.csproj", "{7D7E0C82-C230-4E7A-8611-E7B0D27A1544}"
EndProject
Global
	GlobalSection(SolutionConfigurationPlatforms) = preSolution
		Debug|Any CPU = Debug|Any CPU
		Release|Any CPU = Release|Any CPU
	EndGlobalSection
	GlobalSection(ProjectConfigurationPlatforms) = postSolution
		{7D7E0C82-C230-4E7A-8611-E7B0D27A1544}.Debug|Any CPU.ActiveCfg = Debug|Any CPU
		{7D7E0C82-C230-4E7A-8611-E7B0D27A1544}.Debug|Any CPU.Build.0 = Debug|Any CPU
		{7D7E0C82-C230-4E7A-8611-E7B0D27A1544}.Release|Any CPU.ActiveCfg = Release|Any CPU
		{7D7E0C82-C230-4E7A-8611-E7B0D27A1544}.Release|Any CPU.Build.0 = Release|Any CPU
	EndGlobalSection
	GlobalSection(SolutionProperties) = preSolution
		HideSolutionNode = FALSE
	EndGlobalSection
	GlobalSection(ExtensibilityGlobals) = postSolution
		SolutionGuid = {5380DEA1-44BD-435B-B076-ECA5DD096610}
	EndGlobalSection
EndGlobal
